
Microsoft Visual Studio Solution File, Format Version 12.00
# Visual Studio Version 17
VisualStudioVersion = 17.5.33530.505
MinimumVisualStudioVersion = 10.0.40219.1
Project("{FAE04EC0-301F-11D3-BF4B-00C04F79EFBC}") = "Viventium.API", "Viventium.API\Viventium.API.csproj", "{414FC365-1C8D-4DD7-9B44-C0FD9DE262C8}"
EndProject
Project("{FAE04EC0-301F-11D3-BF4B-00C04F79EFBC}") = "Viventium.Data", "Viventium.Data\Viventium.Data.csproj", "{CF0792C2-93C1-48DB-BBB8-430FFCC4B97D}"
EndProject
Global
	GlobalSection(SolutionConfigurationPlatforms) = preSolution
		Debug|Any CPU = Debug|Any CPU
		Release|Any CPU = Release|Any CPU
	EndGlobalSection
	GlobalSection(ProjectConfigurationPlatforms) = postSolution
		{414FC365-1C8D-4DD7-9B44-C0FD9DE262C8}.Debug|Any CPU.ActiveCfg = Debug|Any CPU
		{414FC365-1C8D-4DD7-9B44-C0FD9DE262C8}.Debug|Any CPU.Build.0 = Debug|Any CPU
		{414FC365-1C8D-4DD7-9B44-C0FD9DE262C8}.Release|Any CPU.ActiveCfg = Release|Any CPU
		{414FC365-1C8D-4DD7-9B44-C0FD9DE262C8}.Release|Any CPU.Build.0 = Release|Any CPU
		{CF0792C2-93C1-48DB-BBB8-430FFCC4B97D}.Debug|Any CPU.ActiveCfg = Debug|Any CPU
		{CF0792C2-93C1-48DB-BBB8-430FFCC4B97D}.Debug|Any CPU.Build.0 = Debug|Any CPU
		{CF0792C2-93C1-48DB-BBB8-430FFCC4B97D}.Release|Any CPU.ActiveCfg = Release|Any CPU
		{CF0792C2-93C1-48DB-BBB8-430FFCC4B97D}.Release|Any CPU.Build.0 = Release|Any CPU
	EndGlobalSection
	GlobalSection(SolutionProperties) = preSolution
		HideSolutionNode = FALSE
	EndGlobalSection
	GlobalSection(ExtensibilityGlobals) = postSolution
		SolutionGuid = {3A7A115C-8EE6-49FE-9100-18FA7F8C5C26}
	EndGlobalSection
EndGlobal
